
Microsoft Visual Studio Solution File, Format Version 12.00
# Visual Studio Version 17
VisualStudioVersion = 17.5.002.0
MinimumVisualStudioVersion = 10.0.40219.1
Project("{9A19103F-16F7-4668-BE54-9A1E7A4F7556}") = "WebScraper", "ClassLibrary\WebScraper.csproj", "{DDD45C82-A11D-4DE0-A09B-B02327450C52}"
EndProject
Project("{FAE04EC0-301F-11D3-BF4B-00C04F79EFBC}") = "Examples", "Examples\Examples.csproj", "{0E1CC157-9E21-4DB6-8960-C4F718F7497A}"
EndProject
Global
	GlobalSection(SolutionConfigurationPlatforms) = preSolution
		Debug|Any CPU = Debug|Any CPU
		Release|Any CPU = Release|Any CPU
	EndGlobalSection
	GlobalSection(ProjectConfigurationPlatforms) = postSolution
		{DDD45C82-A11D-4DE0-A09B-B02327450C52}.Debug|Any CPU.ActiveCfg = Debug|Any CPU
		{DDD45C82-A11D-4DE0-A09B-B02327450C52}.Debug|Any CPU.Build.0 = Debug|Any CPU
		{DDD45C82-A11D-4DE0-A09B-B02327450C52}.Release|Any CPU.ActiveCfg = Release|Any CPU
		{DDD45C82-A11D-4DE0-A09B-B02327450C52}.Release|Any CPU.Build.0 = Release|Any CPU
		{0E1CC157-9E21-4DB6-8960-C4F718F7497A}.Debug|Any CPU.ActiveCfg = Debug|Any CPU
		{0E1CC157-9E21-4DB6-8960-C4F718F7497A}.Debug|Any CPU.Build.0 = Debug|Any CPU
		{0E1CC157-9E21-4DB6-8960-C4F718F7497A}.Release|Any CPU.ActiveCfg = Release|Any CPU
		{0E1CC157-9E21-4DB6-8960-C4F718F7497A}.Release|Any CPU.Build.0 = Release|Any CPU
	EndGlobalSection
	GlobalSection(SolutionProperties) = preSolution
		HideSolutionNode = FALSE
	EndGlobalSection
	GlobalSection(ExtensibilityGlobals) = postSolution
		SolutionGuid = {73AD4748-51F3-4496-BA86-A28D58C209D1}
	EndGlobalSection
EndGlobal
